
Microsoft Visual Studio Solution File, Format Version 12.00
# Visual Studio Version 16
VisualStudioVersion = 16.0.29613.14
MinimumVisualStudioVersion = 10.0.40219.1
Project("{FAE04EC0-301F-11D3-BF4B-00C04F79EFBC}") = "DatabaseConsoleAccess", "DatabaseConsoleAccess\DatabaseConsoleAccess.csproj", "{3E7563E4-153A-44CE-B49C-0C9FE3BA1284}"
EndProject
Global
	GlobalSection(SolutionConfigurationPlatforms) = preSolution
		Debug|Any CPU = Debug|Any CPU
		Release|Any CPU = Release|Any CPU
	EndGlobalSection
	GlobalSection(ProjectConfigurationPlatforms) = postSolution
		{3E7563E4-153A-44CE-B49C-0C9FE3BA1284}.Debug|Any CPU.ActiveCfg = Debug|Any CPU
		{3E7563E4-153A-44CE-B49C-0C9FE3BA1284}.Debug|Any CPU.Build.0 = Debug|Any CPU
		{3E7563E4-153A-44CE-B49C-0C9FE3BA1284}.Release|Any CPU.ActiveCfg = Release|Any CPU
		{3E7563E4-153A-44CE-B49C-0C9FE3BA1284}.Release|Any CPU.Build.0 = Release|Any CPU
	EndGlobalSection
	GlobalSection(SolutionProperties) = preSolution
		HideSolutionNode = FALSE
	EndGlobalSection
	GlobalSection(ExtensibilityGlobals) = postSolution
		SolutionGuid = {24C58924-D6E4-45CB-86A8-2B5EE5CA9373}
	EndGlobalSection
EndGlobal
